
Microsoft Visual Studio Solution File, Format Version 12.00
# Visual Studio Version 16
VisualStudioVersion = 16.0.29806.167
MinimumVisualStudioVersion = 10.0.40219.1
Project("{FAE04EC0-301F-11D3-BF4B-00C04F79EFBC}") = "Mockingbird", "Mockingbird\Mockingbird.csproj", "{01C9A7FE-5F37-453E-BFFF-313B2BDD37E0}"
EndProject
Project("{2150E333-8FDC-42A3-9474-1A3956D46DE8}") = "Tests", "Tests", "{BD9C59B1-BC82-4DC8-A869-32FDC9B81B38}"
EndProject
Project("{8BC9CEB8-8B4A-11D0-8D11-00A0C91BC942}") = "Injection_VS2010", "Injection\Injection_VS2010.vcxproj", "{C25DEB60-97F0-469F-ADDE-A69F8D96815C}"
EndProject
Project("{FAE04EC0-301F-11D3-BF4B-00C04F79EFBC}") = "NetFramework45Test", "NetFramework45Test\NetFramework45Test.csproj", "{8FC1A6FA-8C51-4528-8EB6-DD69EAB9924A}"
EndProject
Project("{FAE04EC0-301F-11D3-BF4B-00C04F79EFBC}") = "NetFramework461Test", "NetFramework461Test\NetFramework461Test.csproj", "{9B78E028-94B7-4613-8372-65C086A2A45F}"
EndProject
Global
	GlobalSection(SolutionConfigurationPlatforms) = preSolution
		Debug - X64|Any CPU = Debug - X64|Any CPU
		Debug - X64|Mixed Platforms = Debug - X64|Mixed Platforms
		Debug - X64|x64 = Debug - X64|x64
		Debug - X64|x86 = Debug - X64|x86
		Debug - X86|Any CPU = Debug - X86|Any CPU
		Debug - X86|Mixed Platforms = Debug - X86|Mixed Platforms
		Debug - X86|x64 = Debug - X86|x64
		Debug - X86|x86 = Debug - X86|x86
		Debug|Any CPU = Debug|Any CPU
		Debug|Mixed Platforms = Debug|Mixed Platforms
		Debug|x64 = Debug|x64
		Debug|x86 = Debug|x86
		Release - X64|Any CPU = Release - X64|Any CPU
		Release - X64|Mixed Platforms = Release - X64|Mixed Platforms
		Release - X64|x64 = Release - X64|x64
		Release - X64|x86 = Release - X64|x86
		Release - X86|Any CPU = Release - X86|Any CPU
		Release - X86|Mixed Platforms = Release - X86|Mixed Platforms
		Release - X86|x64 = Release - X86|x64
		Release - X86|x86 = Release - X86|x86
		Release|Any CPU = Release|Any CPU
		Release|Mixed Platforms = Release|Mixed Platforms
		Release|x64 = Release|x64
		Release|x86 = Release|x86
	EndGlobalSection
	GlobalSection(ProjectConfigurationPlatforms) = postSolution
		{01C9A7FE-5F37-453E-BFFF-313B2BDD37E0}.Debug - X64|Any CPU.ActiveCfg = Debug|Any CPU
		{01C9A7FE-5F37-453E-BFFF-313B2BDD37E0}.Debug - X64|Any CPU.Build.0 = Debug|Any CPU
		{01C9A7FE-5F37-453E-BFFF-313B2BDD37E0}.Debug - X64|Mixed Platforms.ActiveCfg = Debug|Any CPU
		{01C9A7FE-5F37-453E-BFFF-313B2BDD37E0}.Debug - X64|Mixed Platforms.Build.0 = Debug|Any CPU
		{01C9A7FE-5F37-453E-BFFF-313B2BDD37E0}.Debug - X64|x64.ActiveCfg = Debug|Any CPU
		{01C9A7FE-5F37-453E-BFFF-313B2BDD37E0}.Debug - X64|x64.Build.0 = Debug|Any CPU
		{01C9A7FE-5F37-453E-BFFF-313B2BDD37E0}.Debug - X64|x86.ActiveCfg = Debug|Any CPU
		{01C9A7FE-5F37-453E-BFFF-313B2BDD37E0}.Debug - X64|x86.Build.0 = Debug|Any CPU
		{01C9A7FE-5F37-453E-BFFF-313B2BDD37E0}.Debug - X86|Any CPU.ActiveCfg = Debug|Any CPU
		{01C9A7FE-5F37-453E-BFFF-313B2BDD37E0}.Debug - X86|Any CPU.Build.0 = Debug|Any CPU
		{01C9A7FE-5F37-453E-BFFF-313B2BDD37E0}.Debug - X86|Mixed Platforms.ActiveCfg = Debug|Any CPU
		{01C9A7FE-5F37-453E-BFFF-313B2BDD37E0}.Debug - X86|Mixed Platforms.Build.0 = Debug|Any CPU
		{01C9A7FE-5F37-453E-BFFF-313B2BDD37E0}.Debug - X86|x64.ActiveCfg = Debug|Any CPU
		{01C9A7FE-5F37-453E-BFFF-313B2BDD37E0}.Debug - X86|x64.Build.0 = Debug|Any CPU
		{01C9A7FE-5F37-453E-BFFF-313B2BDD37E0}.Debug - X86|x86.ActiveCfg = Debug|Any CPU
		{01C9A7FE-5F37-453E-BFFF-313B2BDD37E0}.Debug - X86|x86.Build.0 = Debug|Any CPU
		{01C9A7FE-5F37-453E-BFFF-313B2BDD37E0}.Debug|Any CPU.ActiveCfg = Debug|Any CPU
		{01C9A7FE-5F37-453E-BFFF-313B2BDD37E0}.Debug|Any CPU.Build.0 = Debug|Any CPU
		{01C9A7FE-5F37-453E-BFFF-313B2BDD37E0}.Debug|Mixed Platforms.ActiveCfg = Debug|Any CPU
		{01C9A7FE-5F37-453E-BFFF-313B2BDD37E0}.Debug|Mixed Platforms.Build.0 = Debug|Any CPU
		{01C9A7FE-5F37-453E-BFFF-313B2BDD37E0}.Debug|x64.ActiveCfg = Debug|Any CPU
		{01C9A7FE-5F37-453E-BFFF-313B2BDD37E0}.Debug|x64.Build.0 = Debug|Any CPU
		{01C9A7FE-5F37-453E-BFFF-313B2BDD37E0}.Debug|x86.ActiveCfg = Debug|Any CPU
		{01C9A7FE-5F37-453E-BFFF-313B2BDD37E0}.Debug|x86.Build.0 = Debug|Any CPU
		{01C9A7FE-5F37-453E-BFFF-313B2BDD37E0}.Release - X64|Any CPU.ActiveCfg = Release|Any CPU
		{01C9A7FE-5F37-453E-BFFF-313B2BDD37E0}.Release - X64|Any CPU.Build.0 = Release|Any CPU
		{01C9A7FE-5F37-453E-BFFF-313B2BDD37E0}.Release - X64|Mixed Platforms.ActiveCfg = Release|Any CPU
		{01C9A7FE-5F37-453E-BFFF-313B2BDD37E0}.Release - X64|Mixed Platforms.Build.0 = Release|Any CPU
		{01C9A7FE-5F37-453E-BFFF-313B2BDD37E0}.Release - X64|x64.ActiveCfg = Release|Any CPU
		{01C9A7FE-5F37-453E-BFFF-313B2BDD37E0}.Release - X64|x64.Build.0 = Release|Any CPU
		{01C9A7FE-5F37-453E-BFFF-313B2BDD37E0}.Release - X64|x86.ActiveCfg = Release|Any CPU
		{01C9A7FE-5F37-453E-BFFF-313B2BDD37E0}.Release - X64|x86.Build.0 = Release|Any CPU
		{01C9A7FE-5F37-453E-BFFF-313B2BDD37E0}.Release - X86|Any CPU.ActiveCfg = Release|Any CPU
		{01C9A7FE-5F37-453E-BFFF-313B2BDD37E0}.Release - X86|Any CPU.Build.0 = Release|Any CPU
		{01C9A7FE-5F37-453E-BFFF-313B2BDD37E0}.Release - X86|Mixed Platforms.ActiveCfg = Release|Any CPU
		{01C9A7FE-5F37-453E-BFFF-313B2BDD37E0}.Release - X86|Mixed Platforms.Build.0 = Release|Any CPU
		{01C9A7FE-5F37-453E-BFFF-313B2BDD37E0}.Release - X86|x64.ActiveCfg = Release|Any CPU
		{01C9A7FE-5F37-453E-BFFF-313B2BDD37E0}.Release - X86|x64.Build.0 = Release|Any CPU
		{01C9A7FE-5F37-453E-BFFF-313B2BDD37E0}.Release - X86|x86.ActiveCfg = Release|Any CPU
		{01C9A7FE-5F37-453E-BFFF-313B2BDD37E0}.Release - X86|x86.Build.0 = Release|Any CPU
		{01C9A7FE-5F37-453E-BFFF-313B2BDD37E0}.Release|Any CPU.ActiveCfg = Release|Any CPU
		{01C9A7FE-5F37-453E-BFFF-313B2BDD37E0}.Release|Any CPU.Build.0 = Release|Any CPU
		{01C9A7FE-5F37-453E-BFFF-313B2BDD37E0}.Release|Mixed Platforms.ActiveCfg = Release|Any CPU
		{01C9A7FE-5F37-453E-BFFF-313B2BDD37E0}.Release|Mixed Platforms.Build.0 = Release|Any CPU
		{01C9A7FE-5F37-453E-BFFF-313B2BDD37E0}.Release|x64.ActiveCfg = Release|Any CPU
		{01C9A7FE-5F37-453E-BFFF-313B2BDD37E0}.Release|x64.Build.0 = Release|Any CPU
		{01C9A7FE-5F37-453E-BFFF-313B2BDD37E0}.Release|x86.ActiveCfg = Release|Any CPU
		{01C9A7FE-5F37-453E-BFFF-313B2BDD37E0}.Release|x86.Build.0 = Release|Any CPU
		{C25DEB60-97F0-469F-ADDE-A69F8D96815C}.Debug - X64|Any CPU.ActiveCfg = Debug - X64|Win32
		{C25DEB60-97F0-469F-ADDE-A69F8D96815C}.Debug - X64|Mixed Platforms.ActiveCfg = Debug - X64|Win32
		{C25DEB60-97F0-469F-ADDE-A69F8D96815C}.Debug - X64|Mixed Platforms.Build.0 = Debug - X64|Win32
		{C25DEB60-97F0-469F-ADDE-A69F8D96815C}.Debug - X64|x64.ActiveCfg = Debug - X64|x64
		{C25DEB60-97F0-469F-ADDE-A69F8D96815C}.Debug - X64|x64.Build.0 = Debug - X64|x64
		{C25DEB60-97F0-469F-ADDE-A69F8D96815C}.Debug - X64|x86.ActiveCfg = Debug - X64|Win32
		{C25DEB60-97F0-469F-ADDE-A69F8D96815C}.Debug - X64|x86.Build.0 = Debug - X64|Win32
		{C25DEB60-97F0-469F-ADDE-A69F8D96815C}.Debug - X86|Any CPU.ActiveCfg = Release|x64
		{C25DEB60-97F0-469F-ADDE-A69F8D96815C}.Debug - X86|Any CPU.Build.0 = Release|x64
		{C25DEB60-97F0-469F-ADDE-A69F8D96815C}.Debug - X86|Mixed Platforms.ActiveCfg = Debug - X64|Win32
		{C25DEB60-97F0-469F-ADDE-A69F8D96815C}.Debug - X86|Mixed Platforms.Build.0 = Debug - X64|Win32
		{C25DEB60-97F0-469F-ADDE-A69F8D96815C}.Debug - X86|x64.ActiveCfg = Debug - X64|x64
		{C25DEB60-97F0-469F-ADDE-A69F8D96815C}.Debug - X86|x64.Build.0 = Debug - X64|x64
		{C25DEB60-97F0-469F-ADDE-A69F8D96815C}.Debug - X86|x86.ActiveCfg = Debug - X64|Win32
		{C25DEB60-97F0-469F-ADDE-A69F8D96815C}.Debug - X86|x86.Build.0 = Debug - X64|Win32
		{C25DEB60-97F0-469F-ADDE-A69F8D96815C}.Debug|Any CPU.ActiveCfg = Debug|Win32
		{C25DEB60-97F0-469F-ADDE-A69F8D96815C}.Debug|Mixed Platforms.ActiveCfg = Debug|Win32
		{C25DEB60-97F0-469F-ADDE-A69F8D96815C}.Debug|Mixed Platforms.Build.0 = Debug|Win32
		{C25DEB60-97F0-469F-ADDE-A69F8D96815C}.Debug|x64.ActiveCfg = Debug|x64
		{C25DEB60-97F0-469F-ADDE-A69F8D96815C}.Debug|x64.Build.0 = Debug|x64
		{C25DEB60-97F0-469F-ADDE-A69F8D96815C}.Debug|x86.ActiveCfg = Debug|Win32
		{C25DEB60-97F0-469F-ADDE-A69F8D96815C}.Debug|x86.Build.0 = Debug|Win32
		{C25DEB60-97F0-469F-ADDE-A69F8D96815C}.Release - X64|Any CPU.ActiveCfg = Release - X64|Win32
		{C25DEB60-97F0-469F-ADDE-A69F8D96815C}.Release - X64|Mixed Platforms.ActiveCfg = Release - X64|Win32
		{C25DEB60-97F0-469F-ADDE-A69F8D96815C}.Release - X64|Mixed Platforms.Build.0 = Release - X64|Win32
		{C25DEB60-97F0-469F-ADDE-A69F8D96815C}.Release - X64|x64.ActiveCfg = Release - X64|x64
		{C25DEB60-97F0-469F-ADDE-A69F8D96815C}.Release - X64|x64.Build.0 = Release - X64|x64
		{C25DEB60-97F0-469F-ADDE-A69F8D96815C}.Release - X64|x86.ActiveCfg = Release - X64|Win32
		{C25DEB60-97F0-469F-ADDE-A69F8D96815C}.Release - X64|x86.Build.0 = Release - X64|Win32
		{C25DEB60-97F0-469F-ADDE-A69F8D96815C}.Release - X86|Any CPU.ActiveCfg = Release|x64
		{C25DEB60-97F0-469F-ADDE-A69F8D96815C}.Release - X86|Any CPU.Build.0 = Release|x64
		{C25DEB60-97F0-469F-ADDE-A69F8D96815C}.Release - X86|Mixed Platforms.ActiveCfg = Release - X64|Win32
		{C25DEB60-97F0-469F-ADDE-A69F8D96815C}.Release - X86|Mixed Platforms.Build.0 = Release - X64|Win32
		{C25DEB60-97F0-469F-ADDE-A69F8D96815C}.Release - X86|x64.ActiveCfg = Release - X64|x64
		{C25DEB60-97F0-469F-ADDE-A69F8D96815C}.Release - X86|x64.Build.0 = Release - X64|x64
		{C25DEB60-97F0-469F-ADDE-A69F8D96815C}.Release - X86|x86.ActiveCfg = Release - X64|Win32
		{C25DEB60-97F0-469F-ADDE-A69F8D96815C}.Release - X86|x86.Build.0 = Release - X64|Win32
		{C25DEB60-97F0-469F-ADDE-A69F8D96815C}.Release|Any CPU.ActiveCfg = Release|Win32
		{C25DEB60-97F0-469F-ADDE-A69F8D96815C}.Release|Mixed Platforms.ActiveCfg = Release|Win32
		{C25DEB60-97F0-469F-ADDE-A69F8D96815C}.Release|Mixed Platforms.Build.0 = Release|Win32
		{C25DEB60-97F0-469F-ADDE-A69F8D96815C}.Release|x64.ActiveCfg = Release|x64
		{C25DEB60-97F0-469F-ADDE-A69F8D96815C}.Release|x64.Build.0 = Release|x64
		{C25DEB60-97F0-469F-ADDE-A69F8D96815C}.Release|x86.ActiveCfg = Release|Win32
		{C25DEB60-97F0-469F-ADDE-A69F8D96815C}.Release|x86.Build.0 = Release|Win32
		{8FC1A6FA-8C51-4528-8EB6-DD69EAB9924A}.Debug - X64|Any CPU.ActiveCfg = Debug|Any CPU
		{8FC1A6FA-8C51-4528-8EB6-DD69EAB9924A}.Debug - X64|Any CPU.Build.0 = Debug|Any CPU
		{8FC1A6FA-8C51-4528-8EB6-DD69EAB9924A}.Debug - X64|Mixed Platforms.ActiveCfg = Debug|Any CPU
		{8FC1A6FA-8C51-4528-8EB6-DD69EAB9924A}.Debug - X64|Mixed Platforms.Build.0 = Debug|Any CPU
		{8FC1A6FA-8C51-4528-8EB6-DD69EAB9924A}.Debug - X64|x64.ActiveCfg = Debug|Any CPU
		{8FC1A6FA-8C51-4528-8EB6-DD69EAB9924A}.Debug - X64|x64.Build.0 = Debug|Any CPU
		{8FC1A6FA-8C51-4528-8EB6-DD69EAB9924A}.Debug - X64|x86.ActiveCfg = Debug|Any CPU
		{8FC1A6FA-8C51-4528-8EB6-DD69EAB9924A}.Debug - X64|x86.Build.0 = Debug|Any CPU
		{8FC1A6FA-8C51-4528-8EB6-DD69EAB9924A}.Debug - X86|Any CPU.ActiveCfg = Debug|Any CPU
		{8FC1A6FA-8C51-4528-8EB6-DD69EAB9924A}.Debug - X86|Any CPU.Build.0 = Debug|Any CPU
		{8FC1A6FA-8C51-4528-8EB6-DD69EAB9924A}.Debug - X86|Mixed Platforms.ActiveCfg = Debug|Any CPU
		{8FC1A6FA-8C51-4528-8EB6-DD69EAB9924A}.Debug - X86|Mixed Platforms.Build.0 = Debug|Any CPU
		{8FC1A6FA-8C51-4528-8EB6-DD69EAB9924A}.Debug - X86|x64.ActiveCfg = Debug|Any CPU
		{8FC1A6FA-8C51-4528-8EB6-DD69EAB9924A}.Debug - X86|x64.Build.0 = Debug|Any CPU
		{8FC1A6FA-8C51-4528-8EB6-DD69EAB9924A}.Debug - X86|x86.ActiveCfg = Debug|Any CPU
		{8FC1A6FA-8C51-4528-8EB6-DD69EAB9924A}.Debug - X86|x86.Build.0 = Debug|Any CPU
		{8FC1A6FA-8C51-4528-8EB6-DD69EAB9924A}.Debug|Any CPU.ActiveCfg = Debug|Any CPU
		{8FC1A6FA-8C51-4528-8EB6-DD69EAB9924A}.Debug|Any CPU.Build.0 = Debug|Any CPU
		{8FC1A6FA-8C51-4528-8EB6-DD69EAB9924A}.Debug|Mixed Platforms.ActiveCfg = Debug|Any CPU
		{8FC1A6FA-8C51-4528-8EB6-DD69EAB9924A}.Debug|Mixed Platforms.Build.0 = Debug|Any CPU
		{8FC1A6FA-8C51-4528-8EB6-DD69EAB9924A}.Debug|x64.ActiveCfg = Debug|Any CPU
		{8FC1A6FA-8C51-4528-8EB6-DD69EAB9924A}.Debug|x64.Build.0 = Debug|Any CPU
		{8FC1A6FA-8C51-4528-8EB6-DD69EAB9924A}.Debug|x86.ActiveCfg = Debug|Any CPU
		{8FC1A6FA-8C51-4528-8EB6-DD69EAB9924A}.Debug|x86.Build.0 = Debug|Any CPU
		{8FC1A6FA-8C51-4528-8EB6-DD69EAB9924A}.Release - X64|Any CPU.ActiveCfg = Release|Any CPU
		{8FC1A6FA-8C51-4528-8EB6-DD69EAB9924A}.Release - X64|Any CPU.Build.0 = Release|Any CPU
		{8FC1A6FA-8C51-4528-8EB6-DD69EAB9924A}.Release - X64|Mixed Platforms.ActiveCfg = Release|Any CPU
		{8FC1A6FA-8C51-4528-8EB6-DD69EAB9924A}.Release - X64|Mixed Platforms.Build.0 = Release|Any CPU
		{8FC1A6FA-8C51-4528-8EB6-DD69EAB9924A}.Release - X64|x64.ActiveCfg = Release|Any CPU
		{8FC1A6FA-8C51-4528-8EB6-DD69EAB9924A}.Release - X64|x64.Build.0 = Release|Any CPU
		{8FC1A6FA-8C51-4528-8EB6-DD69EAB9924A}.Release - X64|x86.ActiveCfg = Release|Any CPU
		{8FC1A6FA-8C51-4528-8EB6-DD69EAB9924A}.Release - X64|x86.Build.0 = Release|Any CPU
		{8FC1A6FA-8C51-4528-8EB6-DD69EAB9924A}.Release - X86|Any CPU.ActiveCfg = Release|Any CPU
		{8FC1A6FA-8C51-4528-8EB6-DD69EAB9924A}.Release - X86|Any CPU.Build.0 = Release|Any CPU
		{8FC1A6FA-8C51-4528-8EB6-DD69EAB9924A}.Release - X86|Mixed Platforms.ActiveCfg = Release|Any CPU
		{8FC1A6FA-8C51-4528-8EB6-DD69EAB9924A}.Release - X86|Mixed Platforms.Build.0 = Release|Any CPU
		{8FC1A6FA-8C51-4528-8EB6-DD69EAB9924A}.Release - X86|x64.ActiveCfg = Release|Any CPU
		{8FC1A6FA-8C51-4528-8EB6-DD69EAB9924A}.Release - X86|x64.Build.0 = Release|Any CPU
		{8FC1A6FA-8C51-4528-8EB6-DD69EAB9924A}.Release - X86|x86.ActiveCfg = Release|Any CPU
		{8FC1A6FA-8C51-4528-8EB6-DD69EAB9924A}.Release - X86|x86.Build.0 = Release|Any CPU
		{8FC1A6FA-8C51-4528-8EB6-DD69EAB9924A}.Release|Any CPU.ActiveCfg = Release|Any CPU
		{8FC1A6FA-8C51-4528-8EB6-DD69EAB9924A}.Release|Any CPU.Build.0 = Release|Any CPU
		{8FC1A6FA-8C51-4528-8EB6-DD69EAB9924A}.Release|Mixed Platforms.ActiveCfg = Release|Any CPU
		{8FC1A6FA-8C51-4528-8EB6-DD69EAB9924A}.Release|Mixed Platforms.Build.0 = Release|Any CPU
		{8FC1A6FA-8C51-4528-8EB6-DD69EAB9924A}.Release|x64.ActiveCfg = Release|Any CPU
		{8FC1A6FA-8C51-4528-8EB6-DD69EAB9924A}.Release|x64.Build.0 = Release|Any CPU
		{8FC1A6FA-8C51-4528-8EB6-DD69EAB9924A}.Release|x86.ActiveCfg = Release|Any CPU
		{8FC1A6FA-8C51-4528-8EB6-DD69EAB9924A}.Release|x86.Build.0 = Release|Any CPU
		{9B78E028-94B7-4613-8372-65C086A2A45F}.Debug - X64|Any CPU.ActiveCfg = Debug|Any CPU
		{9B78E028-94B7-4613-8372-65C086A2A45F}.Debug - X64|Any CPU.Build.0 = Debug|Any CPU
		{9B78E028-94B7-4613-8372-65C086A2A45F}.Debug - X64|Mixed Platforms.ActiveCfg = Debug|Any CPU
		{9B78E028-94B7-4613-8372-65C086A2A45F}.Debug - X64|Mixed Platforms.Build.0 = Debug|Any CPU
		{9B78E028-94B7-4613-8372-65C086A2A45F}.Debug - X64|x64.ActiveCfg = Debug|Any CPU
		{9B78E028-94B7-4613-8372-65C086A2A45F}.Debug - X64|x64.Build.0 = Debug|Any CPU
		{9B78E028-94B7-4613-8372-65C086A2A45F}.Debug - X64|x86.ActiveCfg = Debug|Any CPU
		{9B78E028-94B7-4613-8372-65C086A2A45F}.Debug - X64|x86.Build.0 = Debug|Any CPU
		{9B78E028-94B7-4613-8372-65C086A2A45F}.Debug - X86|Any CPU.ActiveCfg = Debug|Any CPU
		{9B78E028-94B7-4613-8372-65C086A2A45F}.Debug - X86|Any CPU.Build.0 = Debug|Any CPU
		{9B78E028-94B7-4613-8372-65C086A2A45F}.Debug - X86|Mixed Platforms.ActiveCfg = Debug|Any CPU
		{9B78E028-94B7-4613-8372-65C086A2A45F}.Debug - X86|Mixed Platforms.Build.0 = Debug|Any CPU
		{9B78E028-94B7-4613-8372-65C086A2A45F}.Debug - X86|x64.ActiveCfg = Debug|Any CPU
		{9B78E028-94B7-4613-8372-65C086A2A45F}.Debug - X86|x64.Build.0 = Debug|Any CPU
		{9B78E028-94B7-4613-8372-65C086A2A45F}.Debug - X86|x86.ActiveCfg = Debug|Any CPU
		{9B78E028-94B7-4613-8372-65C086A2A45F}.Debug - X86|x86.Build.0 = Debug|Any CPU
		{9B78E028-94B7-4613-8372-65C086A2A45F}.Debug|Any CPU.ActiveCfg = Debug|Any CPU
		{9B78E028-94B7-4613-8372-65C086A2A45F}.Debug|Any CPU.Build.0 = Debug|Any CPU
		{9B78E028-94B7-4613-8372-65C086A2A45F}.Debug|Mixed Platforms.ActiveCfg = Debug|Any CPU
		{9B78E028-94B7-4613-8372-65C086A2A45F}.Debug|Mixed Platforms.Build.0 = Debug|Any CPU
		{9B78E028-94B7-4613-8372-65C086A2A45F}.Debug|x64.ActiveCfg = Debug|Any CPU
		{9B78E028-94B7-4613-8372-65C086A2A45F}.Debug|x64.Build.0 = Debug|Any CPU
		{9B78E028-94B7-4613-8372-65C086A2A45F}.Debug|x86.ActiveCfg = Debug|Any CPU
		{9B78E028-94B7-4613-8372-65C086A2A45F}.Debug|x86.Build.0 = Debug|Any CPU
		{9B78E028-94B7-4613-8372-65C086A2A45F}.Release - X64|Any CPU.ActiveCfg = Release|Any CPU
		{9B78E028-94B7-4613-8372-65C086A2A45F}.Release - X64|Any CPU.Build.0 = Release|Any CPU
		{9B78E028-94B7-4613-8372-65C086A2A45F}.Release - X64|Mixed Platforms.ActiveCfg = Release|Any CPU
		{9B78E028-94B7-4613-8372-65C086A2A45F}.Release - X64|Mixed Platforms.Build.0 = Release|Any CPU
		{9B78E028-94B7-4613-8372-65C086A2A45F}.Release - X64|x64.ActiveCfg = Release|Any CPU
		{9B78E028-94B7-4613-8372-65C086A2A45F}.Release - X64|x64.Build.0 = Release|Any CPU
		{9B78E028-94B7-4613-8372-65C086A2A45F}.Release - X64|x86.ActiveCfg = Release|Any CPU
		{9B78E028-94B7-4613-8372-65C086A2A45F}.Release - X64|x86.Build.0 = Release|Any CPU
		{9B78E028-94B7-4613-8372-65C086A2A45F}.Release - X86|Any CPU.ActiveCfg = Release|Any CPU
		{9B78E028-94B7-4613-8372-65C086A2A45F}.Release - X86|Any CPU.Build.0 = Release|Any CPU
		{9B78E028-94B7-4613-8372-65C086A2A45F}.Release - X86|Mixed Platforms.ActiveCfg = Release|Any CPU
		{9B78E028-94B7-4613-8372-65C086A2A45F}.Release - X86|Mixed Platforms.Build.0 = Release|Any CPU
		{9B78E028-94B7-4613-8372-65C086A2A45F}.Release - X86|x64.ActiveCfg = Release|Any CPU
		{9B78E028-94B7-4613-8372-65C086A2A45F}.Release - X86|x64.Build.0 = Release|Any CPU
		{9B78E028-94B7-4613-8372-65C086A2A45F}.Release - X86|x86.ActiveCfg = Release|Any CPU
		{9B78E028-94B7-4613-8372-65C086A2A45F}.Release - X86|x86.Build.0 = Release|Any CPU
		{9B78E028-94B7-4613-8372-65C086A2A45F}.Release|Any CPU.ActiveCfg = Release|Any CPU
		{9B78E028-94B7-4613-8372-65C086A2A45F}.Release|Any CPU.Build.0 = Release|Any CPU
		{9B78E028-94B7-4613-8372-65C086A2A45F}.Release|Mixed Platforms.ActiveCfg = Release|Any CPU
		{9B78E028-94B7-4613-8372-65C086A2A45F}.Release|Mixed Platforms.Build.0 = Release|Any CPU
		{9B78E028-94B7-4613-8372-65C086A2A45F}.Release|x64.ActiveCfg = Release|Any CPU
		{9B78E028-94B7-4613-8372-65C086A2A45F}.Release|x64.Build.0 = Release|Any CPU
		{9B78E028-94B7-4613-8372-65C086A2A45F}.Release|x86.ActiveCfg = Release|Any CPU
		{9B78E028-94B7-4613-8372-65C086A2A45F}.Release|x86.Build.0 = Release|Any CPU
	EndGlobalSection
	GlobalSection(SolutionProperties) = preSolution
		HideSolutionNode = FALSE
	EndGlobalSection
	GlobalSection(NestedProjects) = preSolution
		{8FC1A6FA-8C51-4528-8EB6-DD69EAB9924A} = {BD9C59B1-BC82-4DC8-A869-32FDC9B81B38}
		{9B78E028-94B7-4613-8372-65C086A2A45F} = {BD9C59B1-BC82-4DC8-A869-32FDC9B81B38}
	EndGlobalSection
	GlobalSection(ExtensibilityGlobals) = postSolution
		SolutionGuid = {2BC4910B-065D-4033-AA0D-9FCFC947DB61}
	EndGlobalSection
EndGlobal
